
Microsoft Visual Studio Solution File, Format Version 12.00
# Visual Studio Version 17
VisualStudioVersion = 17.0.31903.59
MinimumVisualStudioVersion = 17.0.31903.59
Project("{2150E333-8FDC-42A3-9474-1A3956D46DE8}") = "Solution Items", "Solution Items", "{4900B3B8-4310-4D5B-B1F7-2FDF9199765F}"
	ProjectSection(SolutionItems) = preProject
		NuGet.Config = NuGet.Config
		testenvironments.json = testenvironments.json
		src\Shared\UnitTests\xunit.runner.json = src\Shared\UnitTests\xunit.runner.json
	EndProjectSection
EndProject
Project("{FAE04EC0-301F-11D3-BF4B-00C04F79EFBC}") = "SelectiveConditionEvaluator", "src\SelectiveConditionEvaluator\SelectiveConditionEvaluator.csproj", "{7136D007-E95A-4133-86DB-1F70B948982A}"
EndProject
Project("{FAE04EC0-301F-11D3-BF4B-00C04F79EFBC}") = "SelectiveConditionEvaluator.UnitTests", "src\SelectiveConditionEvaluator.UnitTests\SelectiveConditionEvaluator.UnitTests.csproj", "{7C38E8BA-A0EB-4A55-B9C4-9B1EDC37AB90}"
EndProject
Global
	GlobalSection(SolutionConfigurationPlatforms) = preSolution
		Debug|Any CPU = Debug|Any CPU
		Debug|ARM64 = Debug|ARM64
		Debug|x64 = Debug|x64
		Debug|x86 = Debug|x86
		Debug-MONO|Any CPU = Debug-MONO|Any CPU
		Debug-MONO|ARM64 = Debug-MONO|ARM64
		Debug-MONO|x64 = Debug-MONO|x64
		Debug-MONO|x86 = Debug-MONO|x86
		MachineIndependent|Any CPU = MachineIndependent|Any CPU
		MachineIndependent|ARM64 = MachineIndependent|ARM64
		MachineIndependent|x64 = MachineIndependent|x64
		MachineIndependent|x86 = MachineIndependent|x86
		Release|Any CPU = Release|Any CPU
		Release|ARM64 = Release|ARM64
		Release|x64 = Release|x64
		Release|x86 = Release|x86
		Release-MONO|Any CPU = Release-MONO|Any CPU
		Release-MONO|ARM64 = Release-MONO|ARM64
		Release-MONO|x64 = Release-MONO|x64
		Release-MONO|x86 = Release-MONO|x86
	EndGlobalSection
	GlobalSection(ProjectConfigurationPlatforms) = postSolution
		{7136D007-E95A-4133-86DB-1F70B948982A}.Debug|Any CPU.ActiveCfg = Debug|Any CPU
		{7136D007-E95A-4133-86DB-1F70B948982A}.Debug|Any CPU.Build.0 = Debug|Any CPU
		{7136D007-E95A-4133-86DB-1F70B948982A}.Debug|ARM64.ActiveCfg = Debug|Any CPU
		{7136D007-E95A-4133-86DB-1F70B948982A}.Debug|ARM64.Build.0 = Debug|Any CPU
		{7136D007-E95A-4133-86DB-1F70B948982A}.Debug|x64.ActiveCfg = Debug|x64
		{7136D007-E95A-4133-86DB-1F70B948982A}.Debug|x64.Build.0 = Debug|x64
		{7136D007-E95A-4133-86DB-1F70B948982A}.Debug|x86.ActiveCfg = Debug|Any CPU
		{7136D007-E95A-4133-86DB-1F70B948982A}.Debug|x86.Build.0 = Debug|Any CPU
		{7136D007-E95A-4133-86DB-1F70B948982A}.Debug-MONO|Any CPU.ActiveCfg = Debug-MONO|Any CPU
		{7136D007-E95A-4133-86DB-1F70B948982A}.Debug-MONO|Any CPU.Build.0 = Debug-MONO|Any CPU
		{7136D007-E95A-4133-86DB-1F70B948982A}.Debug-MONO|ARM64.ActiveCfg = Debug-MONO|Any CPU
		{7136D007-E95A-4133-86DB-1F70B948982A}.Debug-MONO|ARM64.Build.0 = Debug-MONO|Any CPU
		{7136D007-E95A-4133-86DB-1F70B948982A}.Debug-MONO|x64.ActiveCfg = Debug-MONO|x64
		{7136D007-E95A-4133-86DB-1F70B948982A}.Debug-MONO|x64.Build.0 = Debug-MONO|x64
		{7136D007-E95A-4133-86DB-1F70B948982A}.Debug-MONO|x86.ActiveCfg = Debug-MONO|Any CPU
		{7136D007-E95A-4133-86DB-1F70B948982A}.Debug-MONO|x86.Build.0 = Debug-MONO|Any CPU
		{7136D007-E95A-4133-86DB-1F70B948982A}.MachineIndependent|Any CPU.ActiveCfg = MachineIndependent|Any CPU
		{7136D007-E95A-4133-86DB-1F70B948982A}.MachineIndependent|Any CPU.Build.0 = MachineIndependent|Any CPU
		{7136D007-E95A-4133-86DB-1F70B948982A}.MachineIndependent|ARM64.ActiveCfg = MachineIndependent|Any CPU
		{7136D007-E95A-4133-86DB-1F70B948982A}.MachineIndependent|ARM64.Build.0 = MachineIndependent|Any CPU
		{7136D007-E95A-4133-86DB-1F70B948982A}.MachineIndependent|x64.ActiveCfg = MachineIndependent|x64
		{7136D007-E95A-4133-86DB-1F70B948982A}.MachineIndependent|x64.Build.0 = MachineIndependent|x64
		{7136D007-E95A-4133-86DB-1F70B948982A}.MachineIndependent|x86.ActiveCfg = MachineIndependent|Any CPU
		{7136D007-E95A-4133-86DB-1F70B948982A}.MachineIndependent|x86.Build.0 = MachineIndependent|Any CPU
		{7136D007-E95A-4133-86DB-1F70B948982A}.Release|Any CPU.ActiveCfg = Release|Any CPU
		{7136D007-E95A-4133-86DB-1F70B948982A}.Release|Any CPU.Build.0 = Release|Any CPU
		{7136D007-E95A-4133-86DB-1F70B948982A}.Release|ARM64.ActiveCfg = Release|Any CPU
		{7136D007-E95A-4133-86DB-1F70B948982A}.Release|ARM64.Build.0 = Release|Any CPU
		{7136D007-E95A-4133-86DB-1F70B948982A}.Release|x64.ActiveCfg = Release|x64
		{7136D007-E95A-4133-86DB-1F70B948982A}.Release|x64.Build.0 = Release|x64
		{7136D007-E95A-4133-86DB-1F70B948982A}.Release|x86.ActiveCfg = Release|Any CPU
		{7136D007-E95A-4133-86DB-1F70B948982A}.Release|x86.Build.0 = Release|Any CPU
		{7136D007-E95A-4133-86DB-1F70B948982A}.Release-MONO|Any CPU.ActiveCfg = Release-MONO|Any CPU
		{7136D007-E95A-4133-86DB-1F70B948982A}.Release-MONO|Any CPU.Build.0 = Release-MONO|Any CPU
		{7136D007-E95A-4133-86DB-1F70B948982A}.Release-MONO|ARM64.ActiveCfg = Release-MONO|Any CPU
		{7136D007-E95A-4133-86DB-1F70B948982A}.Release-MONO|ARM64.Build.0 = Release-MONO|Any CPU
		{7136D007-E95A-4133-86DB-1F70B948982A}.Release-MONO|x64.ActiveCfg = Release-MONO|x64
		{7136D007-E95A-4133-86DB-1F70B948982A}.Release-MONO|x64.Build.0 = Release-MONO|x64
		{7136D007-E95A-4133-86DB-1F70B948982A}.Release-MONO|x86.ActiveCfg = Release-MONO|Any CPU
		{7136D007-E95A-4133-86DB-1F70B948982A}.Release-MONO|x86.Build.0 = Release-MONO|Any CPU
		{7C38E8BA-A0EB-4A55-B9C4-9B1EDC37AB90}.Debug|Any CPU.ActiveCfg = Debug|Any CPU
		{7C38E8BA-A0EB-4A55-B9C4-9B1EDC37AB90}.Debug|Any CPU.Build.0 = Debug|Any CPU
		{7C38E8BA-A0EB-4A55-B9C4-9B1EDC37AB90}.Debug|ARM64.ActiveCfg = Debug|Any CPU
		{7C38E8BA-A0EB-4A55-B9C4-9B1EDC37AB90}.Debug|ARM64.Build.0 = Debug|Any CPU
		{7C38E8BA-A0EB-4A55-B9C4-9B1EDC37AB90}.Debug|x64.ActiveCfg = Debug|x64
		{7C38E8BA-A0EB-4A55-B9C4-9B1EDC37AB90}.Debug|x64.Build.0 = Debug|x64
		{7C38E8BA-A0EB-4A55-B9C4-9B1EDC37AB90}.Debug|x86.ActiveCfg = Debug|Any CPU
		{7C38E8BA-A0EB-4A55-B9C4-9B1EDC37AB90}.Debug|x86.Build.0 = Debug|Any CPU
		{7C38E8BA-A0EB-4A55-B9C4-9B1EDC37AB90}.Debug-MONO|Any CPU.ActiveCfg = Debug-MONO|Any CPU
		{7C38E8BA-A0EB-4A55-B9C4-9B1EDC37AB90}.Debug-MONO|Any CPU.Build.0 = Debug-MONO|Any CPU
		{7C38E8BA-A0EB-4A55-B9C4-9B1EDC37AB90}.Debug-MONO|ARM64.ActiveCfg = Debug-MONO|Any CPU
		{7C38E8BA-A0EB-4A55-B9C4-9B1EDC37AB90}.Debug-MONO|ARM64.Build.0 = Debug-MONO|Any CPU
		{7C38E8BA-A0EB-4A55-B9C4-9B1EDC37AB90}.Debug-MONO|x64.ActiveCfg = Debug-MONO|x64
		{7C38E8BA-A0EB-4A55-B9C4-9B1EDC37AB90}.Debug-MONO|x64.Build.0 = Debug-MONO|x64
		{7C38E8BA-A0EB-4A55-B9C4-9B1EDC37AB90}.Debug-MONO|x86.ActiveCfg = Debug-MONO|Any CPU
		{7C38E8BA-A0EB-4A55-B9C4-9B1EDC37AB90}.Debug-MONO|x86.Build.0 = Debug-MONO|Any CPU
		{7C38E8BA-A0EB-4A55-B9C4-9B1EDC37AB90}.MachineIndependent|Any CPU.ActiveCfg = MachineIndependent|Any CPU
		{7C38E8BA-A0EB-4A55-B9C4-9B1EDC37AB90}.MachineIndependent|Any CPU.Build.0 = MachineIndependent|Any CPU
		{7C38E8BA-A0EB-4A55-B9C4-9B1EDC37AB90}.MachineIndependent|ARM64.ActiveCfg = MachineIndependent|Any CPU
		{7C38E8BA-A0EB-4A55-B9C4-9B1EDC37AB90}.MachineIndependent|ARM64.Build.0 = MachineIndependent|Any CPU
		{7C38E8BA-A0EB-4A55-B9C4-9B1EDC37AB90}.MachineIndependent|x64.ActiveCfg = MachineIndependent|x64
		{7C38E8BA-A0EB-4A55-B9C4-9B1EDC37AB90}.MachineIndependent|x64.Build.0 = MachineIndependent|x64
		{7C38E8BA-A0EB-4A55-B9C4-9B1EDC37AB90}.MachineIndependent|x86.ActiveCfg = MachineIndependent|Any CPU
		{7C38E8BA-A0EB-4A55-B9C4-9B1EDC37AB90}.MachineIndependent|x86.Build.0 = MachineIndependent|Any CPU
		{7C38E8BA-A0EB-4A55-B9C4-9B1EDC37AB90}.Release|Any CPU.ActiveCfg = Release|Any CPU
		{7C38E8BA-A0EB-4A55-B9C4-9B1EDC37AB90}.Release|Any CPU.Build.0 = Release|Any CPU
		{7C38E8BA-A0EB-4A55-B9C4-9B1EDC37AB90}.Release|ARM64.ActiveCfg = Release|Any CPU
		{7C38E8BA-A0EB-4A55-B9C4-9B1EDC37AB90}.Release|ARM64.Build.0 = Release|Any CPU
		{7C38E8BA-A0EB-4A55-B9C4-9B1EDC37AB90}.Release|x64.ActiveCfg = Release|x64
		{7C38E8BA-A0EB-4A55-B9C4-9B1EDC37AB90}.Release|x64.Build.0 = Release|x64
		{7C38E8BA-A0EB-4A55-B9C4-9B1EDC37AB90}.Release|x86.ActiveCfg = Release|Any CPU
		{7C38E8BA-A0EB-4A55-B9C4-9B1EDC37AB90}.Release|x86.Build.0 = Release|Any CPU
		{7C38E8BA-A0EB-4A55-B9C4-9B1EDC37AB90}.Release-MONO|Any CPU.ActiveCfg = Release-MONO|Any CPU
		{7C38E8BA-A0EB-4A55-B9C4-9B1EDC37AB90}.Release-MONO|Any CPU.Build.0 = Release-MONO|Any CPU
		{7C38E8BA-A0EB-4A55-B9C4-9B1EDC37AB90}.Release-MONO|ARM64.ActiveCfg = Release-MONO|Any CPU
		{7C38E8BA-A0EB-4A55-B9C4-9B1EDC37AB90}.Release-MONO|ARM64.Build.0 = Release-MONO|Any CPU
		{7C38E8BA-A0EB-4A55-B9C4-9B1EDC37AB90}.Release-MONO|x64.ActiveCfg = Release-MONO|x64
		{7C38E8BA-A0EB-4A55-B9C4-9B1EDC37AB90}.Release-MONO|x64.Build.0 = Release-MONO|x64
		{7C38E8BA-A0EB-4A55-B9C4-9B1EDC37AB90}.Release-MONO|x86.ActiveCfg = Release-MONO|Any CPU
		{7C38E8BA-A0EB-4A55-B9C4-9B1EDC37AB90}.Release-MONO|x86.Build.0 = Release-MONO|Any CPU
	EndGlobalSection
	GlobalSection(SolutionProperties) = preSolution
		HideSolutionNode = FALSE
	EndGlobalSection
	GlobalSection(NestedProjects) = preSolution
	EndGlobalSection
	GlobalSection(ExtensibilityGlobals) = postSolution
		SolutionGuid = {F948D667-14E3-4F98-BA50-3F3C948BF4C2}
	EndGlobalSection
EndGlobal
